
Microsoft Visual Studio Solution File, Format Version 12.00
# Visual Studio Version 17
VisualStudioVersion = 17.4.33205.214
MinimumVisualStudioVersion = 10.0.40219.1
Project("{FAE04EC0-301F-11D3-BF4B-00C04F79EFBC}") = "kavehnegar", "kavehnegar\kavehnegar.csproj", "{3A102927-7272-4AF3-BABC-30A9C00C76EA}"
EndProject
Global
	GlobalSection(SolutionConfigurationPlatforms) = preSolution
		Debug|Any CPU = Debug|Any CPU
		Release|Any CPU = Release|Any CPU
	EndGlobalSection
	GlobalSection(ProjectConfigurationPlatforms) = postSolution
		{3A102927-7272-4AF3-BABC-30A9C00C76EA}.Debug|Any CPU.ActiveCfg = Debug|Any CPU
		{3A102927-7272-4AF3-BABC-30A9C00C76EA}.Debug|Any CPU.Build.0 = Debug|Any CPU
		{3A102927-7272-4AF3-BABC-30A9C00C76EA}.Release|Any CPU.ActiveCfg = Release|Any CPU
		{3A102927-7272-4AF3-BABC-30A9C00C76EA}.Release|Any CPU.Build.0 = Release|Any CPU
	EndGlobalSection
	GlobalSection(SolutionProperties) = preSolution
		HideSolutionNode = FALSE
	EndGlobalSection
	GlobalSection(ExtensibilityGlobals) = postSolution
		SolutionGuid = {7BB47C1E-E162-488F-AC2A-F65B0D8B92ED}
	EndGlobalSection
EndGlobal
